
Microsoft Visual Studio Solution File, Format Version 12.00
# Visual Studio Version 17
VisualStudioVersion = 17.9.34723.18
MinimumVisualStudioVersion = 10.0.40219.1
Project("{FAE04EC0-301F-11D3-BF4B-00C04F79EFBC}") = "SequenceTaskRefactoringVer", "SequenceTaskRefactoringVer.csproj", "{0B1B52E2-ABBC-4751-A1F6-15F1E8411A08}"
EndProject
Project("{FAE04EC0-301F-11D3-BF4B-00C04F79EFBC}") = "mvpPatternCombinObserverInWinform", "..\mvpPatternCombinObserverInWinform\mvpPatternCombinObserverInWinform.csproj", "{AC39B74C-67BB-4555-9601-FE0CCF252E7F}"
EndProject
Project("{FAE04EC0-301F-11D3-BF4B-00C04F79EFBC}") = "MVVMCombinMediatorInWPF", "..\MVVMCombinMediatorInWPF\MVVMCombinMediatorInWPF.csproj", "{015F3716-687E-4D09-A896-48DB12D24918}"
EndProject
Global
	GlobalSection(SolutionConfigurationPlatforms) = preSolution
		Debug|Any CPU = Debug|Any CPU
		Release|Any CPU = Release|Any CPU
	EndGlobalSection
	GlobalSection(ProjectConfigurationPlatforms) = postSolution
		{0B1B52E2-ABBC-4751-A1F6-15F1E8411A08}.Debug|Any CPU.ActiveCfg = Debug|Any CPU
		{0B1B52E2-ABBC-4751-A1F6-15F1E8411A08}.Debug|Any CPU.Build.0 = Debug|Any CPU
		{0B1B52E2-ABBC-4751-A1F6-15F1E8411A08}.Release|Any CPU.ActiveCfg = Release|Any CPU
		{0B1B52E2-ABBC-4751-A1F6-15F1E8411A08}.Release|Any CPU.Build.0 = Release|Any CPU
		{AC39B74C-67BB-4555-9601-FE0CCF252E7F}.Debug|Any CPU.ActiveCfg = Debug|Any CPU
		{AC39B74C-67BB-4555-9601-FE0CCF252E7F}.Debug|Any CPU.Build.0 = Debug|Any CPU
		{AC39B74C-67BB-4555-9601-FE0CCF252E7F}.Release|Any CPU.ActiveCfg = Release|Any CPU
		{AC39B74C-67BB-4555-9601-FE0CCF252E7F}.Release|Any CPU.Build.0 = Release|Any CPU
		{015F3716-687E-4D09-A896-48DB12D24918}.Debug|Any CPU.ActiveCfg = Debug|Any CPU
		{015F3716-687E-4D09-A896-48DB12D24918}.Debug|Any CPU.Build.0 = Debug|Any CPU
		{015F3716-687E-4D09-A896-48DB12D24918}.Release|Any CPU.ActiveCfg = Release|Any CPU
		{015F3716-687E-4D09-A896-48DB12D24918}.Release|Any CPU.Build.0 = Release|Any CPU
	EndGlobalSection
	GlobalSection(SolutionProperties) = preSolution
		HideSolutionNode = FALSE
	EndGlobalSection
	GlobalSection(ExtensibilityGlobals) = postSolution
		SolutionGuid = {E5D5B32B-947B-48CC-82A9-FA8BEE190243}
	EndGlobalSection
EndGlobal
